
Microsoft Visual Studio Solution File, Format Version 12.00
Project("{2150E333-8FDC-42A3-9474-1A3956D46DE8}") = "Core", "src\Core", "{BDE1B0C8-E1B7-4D60-B383-88EB28BD54CD}"
EndProject
Project("{2150E333-8FDC-42A3-9474-1A3956D46DE8}") = "External", "src\External", "{C228F81A-D0FA-4FFA-ABC8-D3E0661F6DBE}"
EndProject
Project("{2150E333-8FDC-42A3-9474-1A3956D46DE8}") = "Deploy", "src\Deploy", "{88089FF3-210A-436F-BD6C-82FF2E7C7328}"
	ProjectSection(SolutionItems) = preProject
		src\Deploy\identity-db-deployment.yaml = src\Deploy\identity-db-deployment.yaml
		src\Deploy\identity-db-service.yaml = src\Deploy\identity-db-service.yaml
		src\Deploy\identity-deployment.yaml = src\Deploy\identity-deployment.yaml
		src\Deploy\identity-redis-deployment.yaml = src\Deploy\identity-redis-deployment.yaml
		src\Deploy\identity-redis-service.yaml = src\Deploy\identity-redis-service.yaml
		src\Deploy\identity-volume-claim-cache.yaml = src\Deploy\identity-volume-claim-cache.yaml
		src\Deploy\identity-volume-claim.yaml = src\Deploy\identity-volume-claim.yaml
		src\Deploy\identity-indress.yaml = src\Deploy\identity-indress.yaml
		src\Deploy\identity-service.yaml = src\Deploy\identity-service.yaml
	EndProjectSection
EndProject
Project("{FAE04EC0-301F-11D3-BF4B-00C04F79EFBC}") = "Domain", "src\Core\Domain\Domain.csproj", "{B10CD44D-03A0-4289-B0D3-126992E98B4F}"
EndProject
Project("{FAE04EC0-301F-11D3-BF4B-00C04F79EFBC}") = "Application", "src\Core\Application\Application.csproj", "{DB4DDF85-8568-481A-91BF-97DFA943A288}"
EndProject
Project("{FAE04EC0-301F-11D3-BF4B-00C04F79EFBC}") = "Infrastructure", "src\External\Infrastructure\Infrastructure.csproj", "{F27D9EEB-A61E-48A8-9E6D-8768537528FF}"
EndProject
Project("{FAE04EC0-301F-11D3-BF4B-00C04F79EFBC}") = "Presentation", "src\External\Presentation\Presentation.csproj", "{19E07D2C-4E1D-4437-9569-4177D028F16B}"
EndProject
Global
	GlobalSection(SolutionConfigurationPlatforms) = preSolution
		Debug|Any CPU = Debug|Any CPU
		Release|Any CPU = Release|Any CPU
	EndGlobalSection
	GlobalSection(NestedProjects) = preSolution
		{B10CD44D-03A0-4289-B0D3-126992E98B4F} = {BDE1B0C8-E1B7-4D60-B383-88EB28BD54CD}
		{DB4DDF85-8568-481A-91BF-97DFA943A288} = {BDE1B0C8-E1B7-4D60-B383-88EB28BD54CD}
		{F27D9EEB-A61E-48A8-9E6D-8768537528FF} = {C228F81A-D0FA-4FFA-ABC8-D3E0661F6DBE}
		{19E07D2C-4E1D-4437-9569-4177D028F16B} = {C228F81A-D0FA-4FFA-ABC8-D3E0661F6DBE}
	EndGlobalSection
	GlobalSection(ProjectConfigurationPlatforms) = postSolution
		{B10CD44D-03A0-4289-B0D3-126992E98B4F}.Debug|Any CPU.ActiveCfg = Debug|Any CPU
		{B10CD44D-03A0-4289-B0D3-126992E98B4F}.Debug|Any CPU.Build.0 = Debug|Any CPU
		{B10CD44D-03A0-4289-B0D3-126992E98B4F}.Release|Any CPU.ActiveCfg = Release|Any CPU
		{B10CD44D-03A0-4289-B0D3-126992E98B4F}.Release|Any CPU.Build.0 = Release|Any CPU
		{DB4DDF85-8568-481A-91BF-97DFA943A288}.Debug|Any CPU.ActiveCfg = Debug|Any CPU
		{DB4DDF85-8568-481A-91BF-97DFA943A288}.Debug|Any CPU.Build.0 = Debug|Any CPU
		{DB4DDF85-8568-481A-91BF-97DFA943A288}.Release|Any CPU.ActiveCfg = Release|Any CPU
		{DB4DDF85-8568-481A-91BF-97DFA943A288}.Release|Any CPU.Build.0 = Release|Any CPU
		{F27D9EEB-A61E-48A8-9E6D-8768537528FF}.Debug|Any CPU.ActiveCfg = Debug|Any CPU
		{F27D9EEB-A61E-48A8-9E6D-8768537528FF}.Debug|Any CPU.Build.0 = Debug|Any CPU
		{F27D9EEB-A61E-48A8-9E6D-8768537528FF}.Release|Any CPU.ActiveCfg = Release|Any CPU
		{F27D9EEB-A61E-48A8-9E6D-8768537528FF}.Release|Any CPU.Build.0 = Release|Any CPU
		{19E07D2C-4E1D-4437-9569-4177D028F16B}.Debug|Any CPU.ActiveCfg = Debug|Any CPU
		{19E07D2C-4E1D-4437-9569-4177D028F16B}.Debug|Any CPU.Build.0 = Debug|Any CPU
		{19E07D2C-4E1D-4437-9569-4177D028F16B}.Release|Any CPU.ActiveCfg = Release|Any CPU
		{19E07D2C-4E1D-4437-9569-4177D028F16B}.Release|Any CPU.Build.0 = Release|Any CPU
		{6E5492F8-C25D-4B79-B058-B468D8D391EF}.Debug|Any CPU.ActiveCfg = Debug|Any CPU
		{6E5492F8-C25D-4B79-B058-B468D8D391EF}.Debug|Any CPU.Build.0 = Debug|Any CPU
		{6E5492F8-C25D-4B79-B058-B468D8D391EF}.Release|Any CPU.ActiveCfg = Release|Any CPU
		{6E5492F8-C25D-4B79-B058-B468D8D391EF}.Release|Any CPU.Build.0 = Release|Any CPU
		{530F418D-214A-4F6A-9C7F-F557AEE0E1CE}.Debug|Any CPU.ActiveCfg = Debug|Any CPU
		{530F418D-214A-4F6A-9C7F-F557AEE0E1CE}.Debug|Any CPU.Build.0 = Debug|Any CPU
		{530F418D-214A-4F6A-9C7F-F557AEE0E1CE}.Release|Any CPU.ActiveCfg = Release|Any CPU
		{530F418D-214A-4F6A-9C7F-F557AEE0E1CE}.Release|Any CPU.Build.0 = Release|Any CPU
	EndGlobalSection
EndGlobal
